
Microsoft Visual Studio Solution File, Format Version 12.00
# Visual Studio Version 17
VisualStudioVersion = 17.6.33829.357
MinimumVisualStudioVersion = 10.0.40219.1
Project("{FAE04EC0-301F-11D3-BF4B-00C04F79EFBC}") = "Sistema de Vendas de Livros", "Sistema de Vendas de Livros\Sistema de Vendas de Livros.csproj", "{EB26F1B6-3993-41E7-906F-240C74A27FA3}"
EndProject
Global
	GlobalSection(SolutionConfigurationPlatforms) = preSolution
		Debug|Any CPU = Debug|Any CPU
		Release|Any CPU = Release|Any CPU
	EndGlobalSection
	GlobalSection(ProjectConfigurationPlatforms) = postSolution
		{EB26F1B6-3993-41E7-906F-240C74A27FA3}.Debug|Any CPU.ActiveCfg = Debug|Any CPU
		{EB26F1B6-3993-41E7-906F-240C74A27FA3}.Debug|Any CPU.Build.0 = Debug|Any CPU
		{EB26F1B6-3993-41E7-906F-240C74A27FA3}.Release|Any CPU.ActiveCfg = Release|Any CPU
		{EB26F1B6-3993-41E7-906F-240C74A27FA3}.Release|Any CPU.Build.0 = Release|Any CPU
	EndGlobalSection
	GlobalSection(SolutionProperties) = preSolution
		HideSolutionNode = FALSE
	EndGlobalSection
	GlobalSection(ExtensibilityGlobals) = postSolution
		SolutionGuid = {E008A18D-3D34-4B12-9F76-2A70229C7320}
	EndGlobalSection
EndGlobal
